// !$*UTF8*$!
{
	archiveVersion = 1;
	classes = {
	};
	objectVersion = 50;
	objects = {

/* Begin PBXBuildFile section */
		E72B4DCB24EF09CB001F88D9 /* AppDelegate.swift in Sources */ = {isa = PBXBuildFile; fileRef = E72B4DCA24EF09CB001F88D9 /* AppDelegate.swift */; };
		E72B4DCD24EF09CB001F88D9 /* SceneDelegate.swift in Sources */ = {isa = PBXBuildFile; fileRef = E72B4DCC24EF09CB001F88D9 /* SceneDelegate.swift */; };
		E72B4DCF24EF09CB001F88D9 /* ViewController.swift in Sources */ = {isa = PBXBuildFile; fileRef = E72B4DCE24EF09CB001F88D9 /* ViewController.swift */; };
		E72B4DD224EF09CB001F88D9 /* Main.storyboard in Resources */ = {isa = PBXBuildFile; fileRef = E72B4DD024EF09CB001F88D9 /* Main.storyboard */; };
		E72B4DD624EF09CC001F88D9 /* Assets.xcassets in Resources */ = {isa = PBXBuildFile; fileRef = E72B4DD524EF09CC001F88D9 /* Assets.xcassets */; };
		E72B4DD924EF09CC001F88D9 /* LaunchScreen.storyboard in Resources */ = {isa = PBXBuildFile; fileRef = E72B4DD724EF09CC001F88D9 /* LaunchScreen.storyboard */; };
		E72B4DE424EF09CC001F88D9 /* StoryBardTests.swift in Sources */ = {isa = PBXBuildFile; fileRef = E72B4DE324EF09CC001F88D9 /* StoryBardTests.swift */; };
		E72B4DEF24EF09CC001F88D9 /* StoryBardUITests.swift in Sources */ = {isa = PBXBuildFile; fileRef = E72B4DEE24EF09CC001F88D9 /* StoryBardUITests.swift */; };
/* End PBXBuildFile section */

/* Begin PBXContainerItemProxy section */
		E72B4DE024EF09CC001F88D9 /* PBXContainerItemProxy */ = {
			isa = PBXContainerItemProxy;
			containerPortal = E72B4DBF24EF09CB001F88D9 /* Project object */;
			proxyType = 1;
			remoteGlobalIDString = E72B4DC624EF09CB001F88D9;
			remoteInfo = StoryBard;
		};
		E72B4DEB24EF09CC001F88D9 /* PBXContainerItemProxy */ = {
			isa = PBXContainerItemProxy;
			containerPortal = E72B4DBF24EF09CB001F88D9 /* Project object */;
			proxyType = 1;
			remoteGlobalIDString = E72B4DC624EF09CB001F88D9;
			remoteInfo = StoryBard;
		};
/* End PBXContainerItemProxy section */

/* Begin PBXFileReference section */
		E72B4DC724EF09CB001F88D9 /* StoryBard.app */ = {isa = PBXFileReference; explicitFileType = wrapper.application; includeInIndex = 0; path = StoryBard.app; sourceTree = BUILT_PRODUCTS_DIR; };
		E72B4DCA24EF09CB001F88D9 /* AppDelegate.swift */ = {isa = PBXFileReference; lastKnownFileType = sourcecode.swift; path = AppDelegate.swift; sourceTree = "<group>"; };
		E72B4DCC24EF09CB001F88D9 /* SceneDelegate.swift */ = {isa = PBXFileReference; lastKnownFileType = sourcecode.swift; path = SceneDelegate.swift; sourceTree = "<group>"; };
		E72B4DCE24EF09CB001F88D9 /* ViewController.swift */ = {isa = PBXFileReference; lastKnownFileType = sourcecode.swift; path = ViewController.swift; sourceTree = "<group>"; };
		E72B4DD124EF09CB001F88D9 /* Base */ = {isa = PBXFileReference; lastKnownFileType = file.storyboard; name = Base; path = Base.lproj/Main.storyboard; sourceTree = "<group>"; };
		E72B4DD524EF09CC001F88D9 /* Assets.xcassets */ = {isa = PBXFileReference; lastKnownFileType = folder.assetcatalog; path = Assets.xcassets; sourceTree = "<group>"; };
		E72B4DD824EF09CC001F88D9 /* Base */ = {isa = PBXFileReference; lastKnownFileType = file.storyboard; name = Base; path = Base.lproj/LaunchScreen.storyboard; sourceTree = "<group>"; };
		E72B4DDA24EF09CC001F88D9 /* Info.plist */ = {isa = PBXFileReference; lastKnownFileType = text.plist.xml; path = Info.plist; sourceTree = "<group>"; };
		E72B4DDF24EF09CC001F88D9 /* StoryBardTests.xctest */ = {isa = PBXFileReference; explicitFileType = wrapper.cfbundle; includeInIndex = 0; path = StoryBardTests.xctest; sourceTree = BUILT_PRODUCTS_DIR; };
		E72B4DE324EF09CC001F88D9 /* StoryBardTests.swift */ = {isa = PBXFileReference; lastKnownFileType = sourcecode.swift; path = StoryBardTests.swift; sourceTree = "<group>"; };
		E72B4DE524EF09CC001F88D9 /* Info.plist */ = {isa = PBXFileReference; lastKnownFileType = text.plist.xml; path = Info.plist; sourceTree = "<group>"; };
		E72B4DEA24EF09CC001F88D9 /* StoryBardUITests.xctest */ = {isa = PBXFileReference; explicitFileType = wrapper.cfbundle; includeInIndex = 0; path = StoryBardUITests.xctest; sourceTree = BUILT_PRODUCTS_DIR; };
		E72B4DEE24EF09CC001F88D9 /* StoryBardUITests.swift */ = {isa = PBXFileReference; lastKnownFileType = sourcecode.swift; path = StoryBardUITests.swift; sourceTree = "<group>"; };
		E72B4DF024EF09CC001F88D9 /* Info.plist */ = {isa = PBXFileReference; lastKnownFileType = text.plist.xml; path = Info.plist; sourceTree = "<group>"; };
/* End PBXFileReference section */

/* Begin PBXFrameworksBuildPhase section */
		E72B4DC424EF09CB001F88D9 /* Frameworks */ = {
			isa = PBXFrameworksBuildPhase;
			buildActionMask = 2147483647;
			files = (
			);
			runOnlyForDeploymentPostprocessing = 0;
		};
		E72B4DDC24EF09CC001F88D9 /* Frameworks */ = {
			isa = PBXFrameworksBuildPhase;
			buildActionMask = 2147483647;
			files = (
			);
			runOnlyForDeploymentPostprocessing = 0;
		};
		E72B4DE724EF09CC001F88D9 /* Frameworks */ = {
			isa = PBXFrameworksBuildPhase;
			buildActionMask = 2147483647;
			files = (
			);
			runOnlyForDeploymentPostprocessing = 0;
		};
/* End PBXFrameworksBuildPhase section */

/* Begin PBXGroup section */
		E72B4DBE24EF09CB001F88D9 = {
			isa = PBXGroup;
			children = (
				E72B4DC924EF09CB001F88D9 /* StoryBard */,
				E72B4DE224EF09CC001F88D9 /* StoryBardTests */,
				E72B4DED24EF09CC001F88D9 /* StoryBardUITests */,
				E72B4DC824EF09CB001F88D9 /* Products */,
			);
			sourceTree = "<group>";
		};
		E72B4DC824EF09CB001F88D9 /* Products */ = {
			isa = PBXGroup;
			children = (
				E72B4DC724EF09CB001F88D9 /* StoryBard.app */,
				E72B4DDF24EF09CC001F88D9 /* StoryBardTests.xctest */,
				E72B4DEA24EF09CC001F88D9 /* StoryBardUITests.xctest */,
			);
			name = Products;
			sourceTree = "<group>";
		};
		E72B4DC924EF09CB001F88D9 /* StoryBard */ = {
			isa = PBXGroup;
			children = (
				E72B4DCA24EF09CB001F88D9 /* AppDelegate.swift */,
				E72B4DCC24EF09CB001F88D9 /* SceneDelegate.swift */,
				E72B4DCE24EF09CB001F88D9 /* ViewController.swift */,
				E72B4DD024EF09CB001F88D9 /* Main.storyboard */,
				E72B4DD524EF09CC001F88D9 /* Assets.xcassets */,
				E72B4DD724EF09CC001F88D9 /* LaunchScreen.storyboard */,
				E72B4DDA24EF09CC001F88D9 /* Info.plist */,
			);
			path = StoryBard;
			sourceTree = "<group>";
		};
		E72B4DE224EF09CC001F88D9 /* StoryBardTests */ = {
			isa = PBXGroup;
			children = (
				E72B4DE324EF09CC001F88D9 /* StoryBardTests.swift */,
				E72B4DE524EF09CC001F88D9 /* Info.plist */,
			);
			path = StoryBardTests;
			sourceTree = "<group>";
		};
		E72B4DED24EF09CC001F88D9 /* StoryBardUITests */ = {
			isa = PBXGroup;
			children = (
				E72B4DEE24EF09CC001F88D9 /* StoryBardUITests.swift */,
				E72B4DF024EF09CC001F88D9 /* Info.plist */,
			);
			path = StoryBardUITests;
			sourceTree = "<group>";
		};
/* End PBXGroup section */

/* Begin PBXNativeTarget section */
		E72B4DC624EF09CB001F88D9 /* StoryBard */ = {
			isa = PBXNativeTarget;
			buildConfigurationList = E72B4DF324EF09CC001F88D9 /* Build configuration list for PBXNativeTarget "StoryBard" */;
			buildPhases = (
				E72B4DC324EF09CB001F88D9 /* Sources */,
				E72B4DC424EF09CB001F88D9 /* Frameworks */,
				E72B4DC524EF09CB001F88D9 /* Resources */,
			);
			buildRules = (
			);
			dependencies = (
			);
			name = StoryBard;
			productName = StoryBard;
			productReference = E72B4DC724EF09CB001F88D9 /* StoryBard.app */;
			productType = "com.apple.product-type.application";
		};
		E72B4DDE24EF09CC001F88D9 /* StoryBardTests */ = {
			isa = PBXNativeTarget;
			buildConfigurationList = E72B4DF624EF09CC001F88D9 /* Build configuration list for PBXNativeTarget "StoryBardTests" */;
			buildPhases = (
				E72B4DDB24EF09CC001F88D9 /* Sources */,
				E72B4DDC24EF09CC001F88D9 /* Frameworks */,
				E72B4DDD24EF09CC001F88D9 /* Resources */,
			);
			buildRules = (
			);
			dependencies = (
				E72B4DE124EF09CC001F88D9 /* PBXTargetDependency */,
			);
			name = StoryBardTests;
			productName = StoryBardTests;
			productReference = E72B4DDF24EF09CC001F88D9 /* StoryBardTests.xctest */;
			productType = "com.apple.product-type.bundle.unit-test";
		};
		E72B4DE924EF09CC001F88D9 /* StoryBardUITests */ = {
			isa = PBXNativeTarget;
			buildConfigurationList = E72B4DF924EF09CC001F88D9 /* Build configuration list for PBXNativeTarget "StoryBardUITests" */;
			buildPhases = (
				E72B4DE624EF09CC001F88D9 /* Sources */,
				E72B4DE724EF09CC001F88D9 /* Frameworks */,
				E72B4DE824EF09CC001F88D9 /* Resources */,
			);
			buildRules = (
			);
			dependencies = (
				E72B4DEC24EF09CC001F88D9 /* PBXTargetDependency */,
			);
			name = StoryBardUITests;
			productName = StoryBardUITests;
			productReference = E72B4DEA24EF09CC001F88D9 /* StoryBardUITests.xctest */;
			productType = "com.apple.product-type.bundle.ui-testing";
		};
/* End PBXNativeTarget section */

/* Begin PBXProject section */
		E72B4DBF24EF09CB001F88D9 /* Project object */ = {
			isa = PBXProject;
			attributes = {
				LastSwiftUpdateCheck = 1200;
				LastUpgradeCheck = 1200;
				TargetAttributes = {
					E72B4DC624EF09CB001F88D9 = {
						CreatedOnToolsVersion = 12.0;
					};
					E72B4DDE24EF09CC001F88D9 = {
						CreatedOnToolsVersion = 12.0;
						TestTargetID = E72B4DC624EF09CB001F88D9;
					};
					E72B4DE924EF09CC001F88D9 = {
						CreatedOnToolsVersion = 12.0;
						TestTargetID = E72B4DC624EF09CB001F88D9;
					};
				};
			};
			buildConfigurationList = E72B4DC224EF09CB001F88D9 /* Build configuration list for PBXProject "StoryBard" */;
			compatibilityVersion = "Xcode 9.3";
			developmentRegion = en;
			hasScannedForEncodings = 0;
			knownRegions = (
				en,
				Base,
			);
			mainGroup = E72B4DBE24EF09CB001F88D9;
			productRefGroup = E72B4DC824EF09CB001F88D9 /* Products */;
			projectDirPath = "";
			projectRoot = "";
			targets = (
				E72B4DC624EF09CB001F88D9 /* StoryBard */,
				E72B4DDE24EF09CC001F88D9 /* StoryBardTests */,
				E72B4DE924EF09CC001F88D9 /* StoryBardUITests */,
			);
		};
/* End PBXProject section */

/* Begin PBXResourcesBuildPhase section */
		E72B4DC524EF09CB001F88D9 /* Resources */ = {
			isa = PBXResourcesBuildPhase;
			buildActionMask = 2147483647;
			files = (
				E72B4DD924EF09CC001F88D9 /* LaunchScreen.storyboard in Resources */,
				E72B4DD624EF09CC001F88D9 /* Assets.xcassets in Resources */,
				E72B4DD224EF09CB001F88D9 /* Main.storyboard in Resources */,
			);
			runOnlyForDeploymentPostprocessing = 0;
		};
		E72B4DDD24EF09CC001F88D9 /* Resources */ = {
			isa = PBXResourcesBuildPhase;
			buildActionMask = 2147483647;
			files = (
			);
			runOnlyForDeploymentPostprocessing = 0;
		};
		E72B4DE824EF09CC001F88D9 /* Resources */ = {
			isa = PBXResourcesBuildPhase;
			buildActionMask = 2147483647;
			files = (
			);
			runOnlyForDeploymentPostprocessing = 0;
		};
/* End PBXResourcesBuildPhase section */

/* Begin PBXSourcesBuildPhase section */
		E72B4DC324EF09CB001F88D9 /* Sources */ = {
			isa = PBXSourcesBuildPhase;
			buildActionMask = 2147483647;
			files = (
				E72B4DCF24EF09CB001F88D9 /* ViewController.swift in Sources */,
				E72B4DCB24EF09CB001F88D9 /* AppDelegate.swift in Sources */,
				E72B4DCD24EF09CB001F88D9 /* SceneDelegate.swift in Sources */,
			);
			runOnlyForDeploymentPostprocessing = 0;
		};
		E72B4DDB24EF09CC001F88D9 /* Sources */ = {
			isa = PBXSourcesBuildPhase;
			buildActionMask = 2147483647;
			files = (
				E72B4DE424EF09CC001F88D9 /* StoryBardTests.swift in Sources */,
			);
			runOnlyForDeploymentPostprocessing = 0;
		};
		E72B4DE624EF09CC001F88D9 /* Sources */ = {
			isa = PBXSourcesBuildPhase;
			buildActionMask = 2147483647;
			files = (
				E72B4DEF24EF09CC001F88D9 /* StoryBardUITests.swift in Sources */,
			);
			runOnlyForDeploymentPostprocessing = 0;
		};
/* End PBXSourcesBuildPhase section */

/* Begin PBXTargetDependency section */
		E72B4DE124EF09CC001F88D9 /* PBXTargetDependency */ = {
			isa = PBXTargetDependency;
			target = E72B4DC624EF09CB001F88D9 /* StoryBard */;
			targetProxy = E72B4DE024EF09CC001F88D9 /* PBXContainerItemProxy */;
		};
		E72B4DEC24EF09CC001F88D9 /* PBXTargetDependency */ = {
			isa = PBXTargetDependency;
			target = E72B4DC624EF09CB001F88D9 /* StoryBard */;
			targetProxy = E72B4DEB24EF09CC001F88D9 /* PBXContainerItemProxy */;
		};
/* End PBXTargetDependency section */

/* Begin PBXVariantGroup section */
		E72B4DD024EF09CB001F88D9 /* Main.storyboard */ = {
			isa = PBXVariantGroup;
			children = (
				E72B4DD124EF09CB001F88D9 /* Base */,
			);
			name = Main.storyboard;
			sourceTree = "<group>";
		};
		E72B4DD724EF09CC001F88D9 /* LaunchScreen.storyboard */ = {
			isa = PBXVariantGroup;
			children = (
				E72B4DD824EF09CC001F88D9 /* Base */,
			);
			name = LaunchScreen.storyboard;
			sourceTree = "<group>";
		};
/* End PBXVariantGroup section */

/* Begin XCBuildConfiguration section */
		E72B4DF124EF09CC001F88D9 /* Debug */ = {
			isa = XCBuildConfiguration;
			buildSettings = {
				ALWAYS_SEARCH_USER_PATHS = NO;
				CLANG_ANALYZER_NONNULL = YES;
				CLANG_ANALYZER_NUMBER_OBJECT_CONVERSION = YES_AGGRESSIVE;
				CLANG_CXX_LANGUAGE_STANDARD = "gnu++14";
				CLANG_CXX_LIBRARY = "libc++";
				CLANG_ENABLE_MODULES = YES;
				CLANG_ENABLE_OBJC_ARC = YES;
				CLANG_ENABLE_OBJC_WEAK = YES;
				CLANG_WARN_BLOCK_CAPTURE_AUTORELEASING = YES;
				CLANG_WARN_BOOL_CONVERSION = YES;
				CLANG_WARN_COMMA = YES;
				CLANG_WARN_CONSTANT_CONVERSION = YES;
				CLANG_WARN_DEPRECATED_OBJC_IMPLEMENTATIONS = YES;
				CLANG_WARN_DIRECT_OBJC_ISA_USAGE = YES_ERROR;
				CLANG_WARN_DOCUMENTATION_COMMENTS = YES;
				CLANG_WARN_EMPTY_BODY = YES;
				CLANG_WARN_ENUM_CONVERSION = YES;
				CLANG_WARN_INFINITE_RECURSION = YES;
				CLANG_WARN_INT_CONVERSION = YES;
				CLANG_WARN_NON_LITERAL_NULL_CONVERSION = YES;
				CLANG_WARN_OBJC_IMPLICIT_RETAIN_SELF = YES;
				CLANG_WARN_OBJC_LITERAL_CONVERSION = YES;
				CLANG_WARN_OBJC_ROOT_CLASS = YES_ERROR;
				CLANG_WARN_QUOTED_INCLUDE_IN_FRAMEWORK_HEADER = YES;
				CLANG_WARN_RANGE_LOOP_ANALYSIS = YES;
				CLANG_WARN_STRICT_PROTOTYPES = YES;
				CLANG_WARN_SUSPICIOUS_MOVE = YES;
				CLANG_WARN_UNGUARDED_AVAILABILITY = YES_AGGRESSIVE;
				CLANG_WARN_UNREACHABLE_CODE = YES;
				CLANG_WARN__DUPLICATE_METHOD_MATCH = YES;
				COPY_PHASE_STRIP = NO;
				DEBUG_INFORMATION_FORMAT = dwarf;
				ENABLE_STRICT_OBJC_MSGSEND = YES;
				ENABLE_TESTABILITY = YES;
				GCC_C_LANGUAGE_STANDARD = gnu11;
				GCC_DYNAMIC_NO_PIC = NO;
				GCC_NO_COMMON_BLOCKS = YES;
				GCC_OPTIMIZATION_LEVEL = 0;
				GCC_PREPROCESSOR_DEFINITIONS = (
					"DEBUG=1",
					"$(inherited)",
				);
				GCC_WARN_64_TO_32_BIT_CONVERSION = YES;
				GCC_WARN_ABOUT_RETURN_TYPE = YES_ERROR;
				GCC_WARN_UNDECLARED_SELECTOR = YES;
				GCC_WARN_UNINITIALIZED_AUTOS = YES_AGGRESSIVE;
				GCC_WARN_UNUSED_FUNCTION = YES;
				GCC_WARN_UNUSED_VARIABLE = YES;
				IPHONEOS_DEPLOYMENT_TARGET = 14.0;
				MTL_ENABLE_DEBUG_INFO = INCLUDE_SOURCE;
				MTL_FAST_MATH = YES;
				ONLY_ACTIVE_ARCH = YES;
				SDKROOT = iphoneos;
				SWIFT_ACTIVE_COMPILATION_CONDITIONS = DEBUG;
				SWIFT_OPTIMIZATION_LEVEL = "-Onone";
			};
			name = Debug;
		};
		E72B4DF224EF09CC001F88D9 /* Release */ = {
			isa = XCBuildConfiguration;
			buildSettings = {
				ALWAYS_SEARCH_USER_PATHS = NO;
				CLANG_ANALYZER_NONNULL = YES;
				CLANG_ANALYZER_NUMBER_OBJECT_CONVERSION = YES_AGGRESSIVE;
				CLANG_CXX_LANGUAGE_STANDARD = "gnu++14";
				CLANG_CXX_LIBRARY = "libc++";
				CLANG_ENABLE_MODULES = YES;
				CLANG_ENABLE_OBJC_ARC = YES;
				CLANG_ENABLE_OBJC_WEAK = YES;
				CLANG_WARN_BLOCK_CAPTURE_AUTORELEASING = YES;
				CLANG_WARN_BOOL_CONVERSION = YES;
				CLANG_WARN_COMMA = YES;
				CLANG_WARN_CONSTANT_CONVERSION = YES;
				CLANG_WARN_DEPRECATED_OBJC_IMPLEMENTATIONS = YES;
				CLANG_WARN_DIRECT_OBJC_ISA_USAGE = YES_ERROR;
				CLANG_WARN_DOCUMENTATION_COMMENTS = YES;
				CLANG_WARN_EMPTY_BODY = YES;
				CLANG_WARN_ENUM_CONVERSION = YES;
				CLANG_WARN_INFINITE_RECURSION = YES;
				CLANG_WARN_INT_CONVERSION = YES;
				CLANG_WARN_NON_LITERAL_NULL_CONVERSION = YES;
				CLANG_WARN_OBJC_IMPLICIT_RETAIN_SELF = YES;
				CLANG_WARN_OBJC_LITERAL_CONVERSION = YES;
				CLANG_WARN_OBJC_ROOT_CLASS = YES_ERROR;
				CLANG_WARN_QUOTED_INCLUDE_IN_FRAMEWORK_HEADER = YES;
				CLANG_WARN_RANGE_LOOP_ANALYSIS = YES;
				CLANG_WARN_STRICT_PROTOTYPES = YES;
				CLANG_WARN_SUSPICIOUS_MOVE = YES;
				CLANG_WARN_UNGUARDED_AVAILABILITY = YES_AGGRESSIVE;
				CLANG_WARN_UNREACHABLE_CODE = YES;
				CLANG_WARN__DUPLICATE_METHOD_MATCH = YES;
				COPY_PHASE_STRIP = NO;
				DEBUG_INFORMATION_FORMAT = "dwarf-with-dsym";
				ENABLE_NS_ASSERTIONS = NO;
				ENABLE_STRICT_OBJC_MSGSEND = YES;
				GCC_C_LANGUAGE_STANDARD = gnu11;
				GCC_NO_COMMON_BLOCKS = YES;
				GCC_WARN_64_TO_32_BIT_CONVERSION = YES;
				GCC_WARN_ABOUT_RETURN_TYPE = YES_ERROR;
				GCC_WARN_UNDECLARED_SELECTOR = YES;
				GCC_WARN_UNINITIALIZED_AUTOS = YES_AGGRESSIVE;
				GCC_WARN_UNUSED_FUNCTION = YES;
				GCC_WARN_UNUSED_VARIABLE = YES;
				IPHONEOS_DEPLOYMENT_TARGET = 14.0;
				MTL_ENABLE_DEBUG_INFO = NO;
				MTL_FAST_MATH = YES;
				SDKROOT = iphoneos;
				SWIFT_COMPILATION_MODE = wholemodule;
				SWIFT_OPTIMIZATION_LEVEL = "-O";
				VALIDATE_PRODUCT = YES;
			};
			name = Release;
		};
		E72B4DF424EF09CC001F88D9 /* Debug */ = {
			isa = XCBuildConfiguration;
			buildSettings = {
				ASSETCATALOG_COMPILER_APPICON_NAME = AppIcon;
				ASSETCATALOG_COMPILER_GLOBAL_ACCENT_COLOR_NAME = AccentColor;
				CODE_SIGN_STYLE = Automatic;
				DEVELOPMENT_TEAM = 37L7BN93A5;
				INFOPLIST_FILE = StoryBard/Info.plist;
				LD_RUNPATH_SEARCH_PATHS = (
					"$(inherited)",
					"@executable_path/Frameworks",
				);
				PRODUCT_BUNDLE_IDENTIFIER = dev.nitochkin.StoryBard;
				PRODUCT_NAME = "$(TARGET_NAME)";
				SWIFT_VERSION = 5.0;
				TARGETED_DEVICE_FAMILY = "1,2";
			};
			name = Debug;
		};
		E72B4DF524EF09CC001F88D9 /* Release */ = {
			isa = XCBuildConfiguration;
			buildSettings = {
				ASSETCATALOG_COMPILER_APPICON_NAME = AppIcon;
				ASSETCATALOG_COMPILER_GLOBAL_ACCENT_COLOR_NAME = AccentColor;
				CODE_SIGN_STYLE = Automatic;
				DEVELOPMENT_TEAM = 37L7BN93A5;
				INFOPLIST_FILE = StoryBard/Info.plist;
				LD_RUNPATH_SEARCH_PATHS = (
					"$(inherited)",
					"@executable_path/Frameworks",
				);
				PRODUCT_BUNDLE_IDENTIFIER = dev.nitochkin.StoryBard;
				PRODUCT_NAME = "$(TARGET_NAME)";
				SWIFT_VERSION = 5.0;
				TARGETED_DEVICE_FAMILY = "1,2";
			};
			name = Release;
		};
		E72B4DF724EF09CC001F88D9 /* Debug */ = {
			isa = XCBuildConfiguration;
			buildSettings = {
				ALWAYS_EMBED_SWIFT_STANDARD_LIBRARIES = YES;
				BUNDLE_LOADER = "$(TEST_HOST)";
				CODE_SIGN_STYLE = Automatic;
				DEVELOPMENT_TEAM = 37L7BN93A5;
				INFOPLIST_FILE = StoryBardTests/Info.plist;
				IPHONEOS_DEPLOYMENT_TARGET = 14.0;
				LD_RUNPATH_SEARCH_PATHS = (
					"$(inherited)",
					"@executable_path/Frameworks",
					"@loader_path/Frameworks",
				);
				PRODUCT_BUNDLE_IDENTIFIER = dev.nitochkin.StoryBardTests;
				PRODUCT_NAME = "$(TARGET_NAME)";
				SWIFT_VERSION = 5.0;
				TARGETED_DEVICE_FAMILY = "1,2";
				TEST_HOST = "$(BUILT_PRODUCTS_DIR)/StoryBard.app/StoryBard";
			};
			name = Debug;
		};
		E72B4DF824EF09CC001F88D9 /* Release */ = {
			isa = XCBuildConfiguration;
			buildSettings = {
				ALWAYS_EMBED_SWIFT_STANDARD_LIBRARIES = YES;
				BUNDLE_LOADER = "$(TEST_HOST)";
				CODE_SIGN_STYLE = Automatic;
				DEVELOPMENT_TEAM = 37L7BN93A5;
				INFOPLIST_FILE = StoryBardTests/Info.plist;
				IPHONEOS_DEPLOYMENT_TARGET = 14.0;
				LD_RUNPATH_SEARCH_PATHS = (
					"$(inherited)",
					"@executable_path/Frameworks",
					"@loader_path/Frameworks",
				);
				PRODUCT_BUNDLE_IDENTIFIER = dev.nitochkin.StoryBardTests;
				PRODUCT_NAME = "$(TARGET_NAME)";
				SWIFT_VERSION = 5.0;
				TARGETED_DEVICE_FAMILY = "1,2";
				TEST_HOST = "$(BUILT_PRODUCTS_DIR)/StoryBard.app/StoryBard";
			};
			name = Release;
		};
		E72B4DFA24EF09CC001F88D9 /* Debug */ = {
			isa = XCBuildConfiguration;
			buildSettings = {
				ALWAYS_EMBED_SWIFT_STANDARD_LIBRARIES = YES;
				CODE_SIGN_STYLE = Automatic;
				DEVELOPMENT_TEAM = 37L7BN93A5;
				INFOPLIST_FILE = StoryBardUITests/Info.plist;
				LD_RUNPATH_SEARCH_PATHS = (
					"$(inherited)",
					"@executable_path/Frameworks",
					"@loader_path/Frameworks",
				);
				PRODUCT_BUNDLE_IDENTIFIER = dev.nitochkin.StoryBardUITests;
				PRODUCT_NAME = "$(TARGET_NAME)";
				SWIFT_VERSION = 5.0;
				TARGETED_DEVICE_FAMILY = "1,2";
				TEST_TARGET_NAME = StoryBard;
			};
			name = Debug;
		};
		E72B4DFB24EF09CC001F88D9 /* Release */ = {
			isa = XCBuildConfiguration;
			buildSettings = {
				ALWAYS_EMBED_SWIFT_STANDARD_LIBRARIES = YES;
				CODE_SIGN_STYLE = Automatic;
				DEVELOPMENT_TEAM = 37L7BN93A5;
				INFOPLIST_FILE = StoryBardUITests/Info.plist;
				LD_RUNPATH_SEARCH_PATHS = (
					"$(inherited)",
					"@executable_path/Frameworks",
					"@loader_path/Frameworks",
				);
				PRODUCT_BUNDLE_IDENTIFIER = dev.nitochkin.StoryBardUITests;
				PRODUCT_NAME = "$(TARGET_NAME)";
				SWIFT_VERSION = 5.0;
				TARGETED_DEVICE_FAMILY = "1,2";
				TEST_TARGET_NAME = StoryBard;
			};
			name = Release;
		};
/* End XCBuildConfiguration section */

/* Begin XCConfigurationList section */
		E72B4DC224EF09CB001F88D9 /* Build configuration list for PBXProject "StoryBard" */ = {
			isa = XCConfigurationList;
			buildConfigurations = (
				E72B4DF124EF09CC001F88D9 /* Debug */,
				E72B4DF224EF09CC001F88D9 /* Release */,
			);
			defaultConfigurationIsVisible = 0;
			defaultConfigurationName = Release;
		};
		E72B4DF324EF09CC001F88D9 /* Build configuration list for PBXNativeTarget "StoryBard" */ = {
			isa = XCConfigurationList;
			buildConfigurations = (
				E72B4DF424EF09CC001F88D9 /* Debug */,
				E72B4DF524EF09CC001F88D9 /* Release */,
			);
			defaultConfigurationIsVisible = 0;
			defaultConfigurationName = Release;
		};
		E72B4DF624EF09CC001F88D9 /* Build configuration list for PBXNativeTarget "StoryBardTests" */ = {
			isa = XCConfigurationList;
			buildConfigurations = (
				E72B4DF724EF09CC001F88D9 /* Debug */,
				E72B4DF824EF09CC001F88D9 /* Release */,
			);
			defaultConfigurationIsVisible = 0;
			defaultConfigurationName = Release;
		};
		E72B4DF924EF09CC001F88D9 /* Build configuration list for PBXNativeTarget "StoryBardUITests" */ = {
			isa = XCConfigurationList;
			buildConfigurations = (
				E72B4DFA24EF09CC001F88D9 /* Debug */,
				E72B4DFB24EF09CC001F88D9 /* Release */,
			);
			defaultConfigurationIsVisible = 0;
			defaultConfigurationName = Release;
		};
/* End XCConfigurationList section */
	};
	rootObject = E72B4DBF24EF09CB001F88D9 /* Project object */;
}
